
Microsoft Visual Studio Solution File, Format Version 12.00
# Visual Studio Version 17
VisualStudioVersion = 17.5.33502.453
MinimumVisualStudioVersion = 10.0.40219.1
Project("{2150E333-8FDC-42A3-9474-1A3956D46DE8}") = "Internal", "Internal", "{0D3F3E0E-D784-4669-B8A6-61E8C354874C}"
	ProjectSection(SolutionItems) = preProject
		Internal\.editorconfig = Internal\.editorconfig
	EndProjectSection
EndProject
Project("{2150E333-8FDC-42A3-9474-1A3956D46DE8}") = "Scripts", "Scripts", "{21E7EC1F-1379-4F3E-AF30-826264788297}"
EndProject
Project("{2150E333-8FDC-42A3-9474-1A3956D46DE8}") = "CompanionFiles", "CompanionFiles", "{817EA4D6-6C87-447A-8706-0871ADB1C8C7}"
EndProject
Project("{2150E333-8FDC-42A3-9474-1A3956D46DE8}") = "Skyline DataMiner", "Skyline DataMiner", "{02FF92FD-0A5B-46BD-ADEF-0B79D6E46C11}"
	ProjectSection(SolutionItems) = preProject
		CompanionFiles\Skyline DataMiner\AboutThisFolder.md = CompanionFiles\Skyline DataMiner\AboutThisFolder.md
	EndProjectSection
EndProject
Project("{2150E333-8FDC-42A3-9474-1A3956D46DE8}") = "Documentation", "Documentation", "{D57D71E9-7245-4C63-ACC7-B81276E1C163}"
	ProjectSection(SolutionItems) = preProject
		Documentation\ABOUT.md = Documentation\ABOUT.md
		README.md = README.md
	EndProjectSection
EndProject
Project("{2150E333-8FDC-42A3-9474-1A3956D46DE8}") = "Tests", "Tests", "{F8938D60-51A0-4880-9CFC-19C66379BB5D}"
EndProject
Project("{2150E333-8FDC-42A3-9474-1A3956D46DE8}") = "Code Analysis", "Code Analysis", "{3457520D-9240-44DB-B2D0-68DDFD2385C9}"
	ProjectSection(SolutionItems) = preProject
		Internal\Code Analysis\qaction-debug.ruleset = Internal\Code Analysis\qaction-debug.ruleset
		Internal\Code Analysis\qaction-release.ruleset = Internal\Code Analysis\qaction-release.ruleset
		Internal\Code Analysis\stylecop.json = Internal\Code Analysis\stylecop.json
	EndProjectSection
EndProject
Project("{2150E333-8FDC-42A3-9474-1A3956D46DE8}") = "JansDataSource", "JansDataSource", "{AA4DCB13-F1E2-4279-B446-D79D32484A4B}"
	ProjectSection(SolutionItems) = preProject
		JansDataSource.xml = JansDataSource.xml
	EndProjectSection
EndProject
Project("{2150E333-8FDC-42A3-9474-1A3956D46DE8}") = "Actions", "Actions", "{098AC46F-D3C4-41AF-A9FE-046A553179BF}"
EndProject
Project("{9A19103F-16F7-4668-BE54-9A1E7A4F7556}") = "JansDataSource_1", "JansDataSource_1\JansDataSource_1.csproj", "{263C4CD7-F89D-416E-9196-58D006BA9233}"
EndProject
Global
	GlobalSection(SolutionConfigurationPlatforms) = preSolution
		Debug|Any CPU = Debug|Any CPU
		Release|Any CPU = Release|Any CPU
	EndGlobalSection
	GlobalSection(ProjectConfigurationPlatforms) = postSolution
		{263C4CD7-F89D-416E-9196-58D006BA9233}.Debug|Any CPU.ActiveCfg = Debug|Any CPU
		{263C4CD7-F89D-416E-9196-58D006BA9233}.Debug|Any CPU.Build.0 = Debug|Any CPU
		{263C4CD7-F89D-416E-9196-58D006BA9233}.Release|Any CPU.ActiveCfg = Release|Any CPU
		{263C4CD7-F89D-416E-9196-58D006BA9233}.Release|Any CPU.Build.0 = Release|Any CPU
	EndGlobalSection
	GlobalSection(SolutionProperties) = preSolution
		HideSolutionNode = FALSE
	EndGlobalSection
	GlobalSection(NestedProjects) = preSolution
		{02FF92FD-0A5B-46BD-ADEF-0B79D6E46C11} = {817EA4D6-6C87-447A-8706-0871ADB1C8C7}
		{3457520D-9240-44DB-B2D0-68DDFD2385C9} = {0D3F3E0E-D784-4669-B8A6-61E8C354874C}
		{AA4DCB13-F1E2-4279-B446-D79D32484A4B} = {21E7EC1F-1379-4F3E-AF30-826264788297}
		{098AC46F-D3C4-41AF-A9FE-046A553179BF} = {AA4DCB13-F1E2-4279-B446-D79D32484A4B}
		{263C4CD7-F89D-416E-9196-58D006BA9233} = {098AC46F-D3C4-41AF-A9FE-046A553179BF}
	EndGlobalSection
	GlobalSection(ExtensibilityGlobals) = postSolution
		SolutionGuid = {BA949EC2-5282-4458-B701-D1AC46E1F244}
	EndGlobalSection
EndGlobal
